{
  "requires": true,
  "lockfileVersion": 1,
  "dependencies": {
    "JSONStream": {
      "version": "1.3.1",
      "resolved": "http://registry.npm.taobao.org/JSONStream/download/JSONStream-1.3.1.tgz",
      "integrity": "sha1-cH92HgHa6eFvG8+TcDt4xwlmV5o=",
      "requires": {
        "jsonparse": "1.3.1",
        "through": "2.3.8"
      }
    },
    "acorn": {
      "version": "4.0.13",
      "resolved": "http://registry.npm.taobao.org/acorn/download/acorn-4.0.13.tgz",
      "integrity": "sha1-EFSVrlNh1pe9GVyCUZLhrX8lN4c="
    },
    "admin-lte": {
      "version": "2.4.2",
      "resolved": "http://registry.npm.taobao.org/admin-lte/download/admin-lte-2.4.2.tgz",
      "integrity": "sha1-aiko+jRxWIHraaCbZNvMyNX65Tk=",
      "requires": {
        "bootstrap": "3.3.7",
        "bootstrap-colorpicker": "2.5.2",
        "bootstrap-datepicker": "1.7.1",
        "bootstrap-daterangepicker": "2.1.25",
        "bootstrap-slider": "9.10.0",
        "bootstrap-timepicker": "0.5.2",
        "chart.js": "1.0.2",
        "ckeditor": "4.7.3",
        "datatables.net": "1.10.16",
        "datatables.net-bs": "1.10.16",
        "fastclick": "1.0.6",
        "flot": "0.8.0-alpha",
        "font-awesome": "4.7.0",
        "fullcalendar": "3.7.0",
        "inputmask": "3.3.11",
        "ion-rangeslider": "2.2.0",
        "ionicons": "3.0.0",
        "jquery": "3.2.1",
        "jquery-knob": "1.2.11",
        "jquery-sparkline": "2.4.0",
        "jquery-ui": "1.12.1",
        "jvectormap": "1.2.2",
        "moment": "2.19.2",
        "morris.js": "0.5.0",
        "pace": "0.0.4",
        "raphael": "2.2.7",
        "select2": "4.0.5",
        "slimscroll": "0.9.1"
      }
    },
    "almond": {
      "version": "0.3.3",
      "resolved": "http://registry.npm.taobao.org/almond/download/almond-0.3.3.tgz",
      "integrity": "sha1-oOfJWsdiTWQXtElLHmi/9pMWiiA="
    },
    "array-filter": {
      "version": "0.0.1",
      "resolved": "http://registry.npm.taobao.org/array-filter/download/array-filter-0.0.1.tgz",
      "integrity": "sha1-fajPLiZijtcygDWB/SH2fKzS7uw="
    },
    "array-map": {
      "version": "0.0.0",
      "resolved": "http://registry.npm.taobao.org/array-map/download/array-map-0.0.0.tgz",
      "integrity": "sha1-iKK6tz0c97zVwbEYoAP2b2ZfpmI="
    },
    "array-reduce": {
      "version": "0.0.0",
      "resolved": "http://registry.npm.taobao.org/array-reduce/download/array-reduce-0.0.0.tgz",
      "integrity": "sha1-FziZ0//Rx9k4PkR5Ul2+J4yrXys="
    },
    "asn1.js": {
      "version": "4.9.2",
      "resolved": "http://registry.npm.taobao.org/asn1.js/download/asn1.js-4.9.2.tgz",
      "integrity": "sha1-gRfvT37YfNj4kES1v/l6wkOhbJo=",
      "requires": {
        "bn.js": "4.11.8",
        "inherits": "2.0.3",
        "minimalistic-assert": "1.0.0"
      }
    },
    "assert": {
      "version": "1.4.1",
      "resolved": "http://registry.npm.taobao.org/assert/download/assert-1.4.1.tgz",
      "integrity": "sha1-mZEtWRg2tab1s0XA8H7vwI/GXZE=",
      "requires": {
        "util": "0.10.3"
      }
    },
    "astw": {
      "version": "2.2.0",
      "resolved": "http://registry.npm.taobao.org/astw/download/astw-2.2.0.tgz",
      "integrity": "sha1-e9QXhNMkk5h66yOba04cV6hzuRc=",
      "requires": {
        "acorn": "4.0.13"
      }
    },
    "balanced-match": {
      "version": "1.0.0",
      "resolved": "http://registry.npm.taobao.org/balanced-match/download/balanced-match-1.0.0.tgz",
      "integrity": "sha1-ibTRmasr7kneFk6gK4nORi1xt2c="
    },
    "base64-js": {
      "version": "1.2.1",
      "resolved": "http://registry.npm.taobao.org/base64-js/download/base64-js-1.2.1.tgz",
      "integrity": "sha1-qRlH2h9KUW6jjltOwOw3c2deCIY="
    },
    "bn.js": {
      "version": "4.11.8",
      "resolved": "http://registry.npm.taobao.org/bn.js/download/bn.js-4.11.8.tgz",
      "integrity": "sha1-LN4J617jQfSEdGuwMJsyU7GxRC8="
    },
    "bootstrap": {
      "version": "3.3.7",
      "resolved": "http://registry.npm.taobao.org/bootstrap/download/bootstrap-3.3.7.tgz",
      "integrity": "sha1-WjiTlFSfIzMIdaOxUGVldPip63E="
    },
    "bootstrap-colorpicker": {
      "version": "2.5.2",
      "resolved": "http://registry.npm.taobao.org/bootstrap-colorpicker/download/bootstrap-colorpicker-2.5.2.tgz",
      "integrity": "sha1-M7+yBDSF8S3LPfD2CtFxdizDwOQ=",
      "requires": {
        "jquery": "3.2.1"
      }
    },
    "bootstrap-datepicker": {
      "version": "1.7.1",
      "resolved": "http://registry.npm.taobao.org/bootstrap-datepicker/download/bootstrap-datepicker-1.7.1.tgz",
      "integrity": "sha1-Tuf680iI2+x4NPv52+fEJ34B3a8=",
      "requires": {
        "jquery": "3.2.1"
      }
    },
    "bootstrap-daterangepicker": {
      "version": "2.1.25",
      "resolved": "http://registry.npm.taobao.org/bootstrap-daterangepicker/download/bootstrap-daterangepicker-2.1.25.tgz",
      "integrity": "sha1-/Ni6C3VaBU0zDXo7fE3Yu4Vc/7c=",
      "requires": {
        "jquery": "3.2.1",
        "moment": "2.19.2"
      }
    },
    "bootstrap-slider": {
      "version": "9.10.0",
      "resolved": "http://registry.npm.taobao.org/bootstrap-slider/download/bootstrap-slider-9.10.0.tgz",
      "integrity": "sha1-EQPWvADPv6jPyaJZmrUYxVZD2j8="
    },
    "bootstrap-table": {
      "version": "1.11.2",
      "resolved": "http://registry.npm.taobao.org/bootstrap-table/download/bootstrap-table-1.11.2.tgz",
      "integrity": "sha1-X1+EFMl9laQOVtPTZFI9pDKzwLE="
    },
    "bootstrap-timepicker": {
      "version": "0.5.2",
      "resolved": "http://registry.npm.taobao.org/bootstrap-timepicker/download/bootstrap-timepicker-0.5.2.tgz",
      "integrity": "sha1-EO2fKi8LjMrvzeD89qBzi5GaODU="
    },
    "brace-expansion": {
      "version": "1.1.8",
      "resolved": "http://registry.npm.taobao.org/brace-expansion/download/brace-expansion-1.1.8.tgz",
      "integrity": "sha1-wHshHHyVLsH479Uad+8NHTmQopI=",
      "requires": {
        "balanced-match": "1.0.0",
        "concat-map": "0.0.1"
      }
    },
    "brorand": {
      "version": "1.1.0",
      "resolved": "http://registry.npm.taobao.org/brorand/download/brorand-1.1.0.tgz",
      "integrity": "sha1-EsJe/kCkXjwyPrhnWgoM5XsiNx8="
    },
    "browser-pack": {
      "version": "6.0.2",
      "resolved": "http://registry.npm.taobao.org/browser-pack/download/browser-pack-6.0.2.tgz",
      "integrity": "sha1-+GzWzvT1MAyOY+B6TVEvZfv/RTE=",
      "requires": {
        "JSONStream": "1.3.1",
        "combine-source-map": "0.7.2",
        "defined": "1.0.0",
        "through2": "2.0.3",
        "umd": "3.0.1"
      }
    },
    "browser-resolve": {
      "version": "1.11.2",
      "resolved": "http://registry.npm.taobao.org/browser-resolve/download/browser-resolve-1.11.2.tgz",
      "integrity": "sha1-j/CbCixCFxihBRwmCzLkj0QpOM4=",
      "requires": {
        "resolve": "1.1.7"
      },
      "dependencies": {
        "resolve": {
          "version": "1.1.7",
          "resolved": "http://registry.npm.taobao.org/resolve/download/resolve-1.1.7.tgz",
          "integrity": "sha1-IDEU2CrSxe2ejgQRs5ModeiJ6Xs="
        }
      }
    },
    "browserify": {
      "version": "14.5.0",
      "resolved": "http://registry.npm.taobao.org/browserify/download/browserify-14.5.0.tgz",
      "integrity": "sha1-C7vOUhrNbk0dVNjpNlAI77hanMU=",
      "requires": {
        "JSONStream": "1.3.1",
        "assert": "1.4.1",
        "browser-pack": "6.0.2",
        "browser-resolve": "1.11.2",
        "browserify-zlib": "0.2.0",
        "buffer": "5.0.8",
        "cached-path-relative": "1.0.1",
        "concat-stream": "1.5.2",
        "console-browserify": "1.1.0",
        "constants-browserify": "1.0.0",
        "crypto-browserify": "3.12.0",
        "defined": "1.0.0",
        "deps-sort": "2.0.0",
        "domain-browser": "1.1.7",
        "duplexer2": "0.1.4",
        "events": "1.1.1",
        "glob": "7.1.2",
        "has": "1.0.1",
        "htmlescape": "1.1.1",
        "https-browserify": "1.0.0",
        "inherits": "2.0.3",
        "insert-module-globals": "7.0.1",
        "labeled-stream-splicer": "2.0.0",
        "module-deps": "4.1.1",
        "os-browserify": "0.3.0",
        "parents": "1.0.1",
        "path-browserify": "0.0.0",
        "process": "0.11.10",
        "punycode": "1.4.1",
        "querystring-es3": "0.2.1",
        "read-only-stream": "2.0.0",
        "readable-stream": "2.3.3",
        "resolve": "1.5.0",
        "shasum": "1.0.2",
        "shell-quote": "1.6.1",
        "stream-browserify": "2.0.1",
        "stream-http": "2.7.2",
        "string_decoder": "1.0.3",
        "subarg": "1.0.0",
        "syntax-error": "1.3.0",
        "through2": "2.0.3",
        "timers-browserify": "1.4.2",
        "tty-browserify": "0.0.0",
        "url": "0.11.0",
        "util": "0.10.3",
        "vm-browserify": "0.0.4",
        "xtend": "4.0.1"
      }
    },
    "browserify-aes": {
      "version": "1.1.1",
      "resolved": "http://registry.npm.taobao.org/browserify-aes/download/browserify-aes-1.1.1.tgz",
      "integrity": "sha1-OLerVe24Bv8tzaGn8WIHc6R3xJ8=",
      "requires": {
        "buffer-xor": "1.0.3",
        "cipher-base": "1.0.4",
        "create-hash": "1.1.3",
        "evp_bytestokey": "1.0.3",
        "inherits": "2.0.3",
        "safe-buffer": "5.1.1"
      }
    },
    "browserify-cipher": {
      "version": "1.0.0",
      "resolved": "http://registry.npm.taobao.org/browserify-cipher/download/browserify-cipher-1.0.0.tgz",
      "integrity": "sha1-mYgkSHS/XtTijalWZtzWasj8Njo=",
      "requires": {
        "browserify-aes": "1.1.1",
        "browserify-des": "1.0.0",
        "evp_bytestokey": "1.0.3"
      }
    },
    "browserify-des": {
      "version": "1.0.0",
      "resolved": "http://registry.npm.taobao.org/browserify-des/download/browserify-des-1.0.0.tgz",
      "integrity": "sha1-2qJ3cXRwki7S/hhZQRihdUOXId0=",
      "requires": {
        "cipher-base": "1.0.4",
        "des.js": "1.0.0",
        "inherits": "2.0.3"
      }
    },
    "browserify-rsa": {
      "version": "4.0.1",
      "resolved": "http://registry.npm.taobao.org/browserify-rsa/download/browserify-rsa-4.0.1.tgz",
      "integrity": "sha1-IeCr+vbyApzy+vsTNWenAdQTVSQ=",
      "requires": {
        "bn.js": "4.11.8",
        "randombytes": "2.0.5"
      }
    },
    "browserify-sign": {
      "version": "4.0.4",
      "resolved": "http://registry.npm.taobao.org/browserify-sign/download/browserify-sign-4.0.4.tgz",
      "integrity": "sha1-qk62jl17ZYuqa/alfmMMvXqT0pg=",
      "requires": {
        "bn.js": "4.11.8",
        "browserify-rsa": "4.0.1",
        "create-hash": "1.1.3",
        "create-hmac": "1.1.6",
        "elliptic": "6.4.0",
        "inherits": "2.0.3",
        "parse-asn1": "5.1.0"
      }
    },
    "browserify-zlib": {
      "version": "0.2.0",
      "resolved": "http://registry.npm.taobao.org/browserify-zlib/download/browserify-zlib-0.2.0.tgz",
      "integrity": "sha1-KGlFnZqjviRf6P4sofRuLn9U1z8=",
      "requires": {
        "pako": "1.0.6"
      }
    },
    "buffer": {
      "version": "5.0.8",
      "resolved": "http://registry.npm.taobao.org/buffer/download/buffer-5.0.8.tgz",
      "integrity": "sha1-hNqlLnzy+ozkGVvFzw94CeCTCyQ=",
      "requires": {
        "base64-js": "1.2.1",
        "ieee754": "1.1.8"
      }
    },
    "buffer-xor": {
      "version": "1.0.3",
      "resolved": "http://registry.npm.taobao.org/buffer-xor/download/buffer-xor-1.0.3.tgz",
      "integrity": "sha1-JuYe0UIvtw3ULm42cp7VHYVf6Nk="
    },
    "builtin-status-codes": {
      "version": "3.0.0",
      "resolved": "http://registry.npm.taobao.org/builtin-status-codes/download/builtin-status-codes-3.0.0.tgz",
      "integrity": "sha1-hZgoeOIbmOHGZCXgPQF0eI9Wnug="
    },
    "cached-path-relative": {
      "version": "1.0.1",
      "resolved": "http://registry.npm.taobao.org/cached-path-relative/download/cached-path-relative-1.0.1.tgz",
      "integrity": "sha1-0JxLUoAKpMB44t2BqGmqyQ0uVOc="
    },
    "charm": {
      "version": "0.1.2",
      "resolved": "http://registry.npm.taobao.org/charm/download/charm-0.1.2.tgz",
      "integrity": "sha1-BsIe7RobBq62dVPNxT4jJ0usIpY="
    },
    "chart.js": {
      "version": "1.0.2",
      "resolved": "http://registry.npm.taobao.org/chart.js/download/chart.js-1.0.2.tgz",
      "integrity": "sha1-rVfSIpz9jM9ZVRR+gSG0kR5p3+c="
    },
    "cipher-base": {
      "version": "1.0.4",
      "resolved": "http://registry.npm.taobao.org/cipher-base/download/cipher-base-1.0.4.tgz",
      "integrity": "sha1-h2Dk7MJy9MNjUy+SbYdKriwTl94=",
      "requires": {
        "inherits": "2.0.3",
        "safe-buffer": "5.1.1"
      }
    },
    "ckeditor": {
      "version": "4.7.3",
      "resolved": "http://registry.npm.taobao.org/ckeditor/download/ckeditor-4.7.3.tgz",
      "integrity": "sha1-tIb7nrka+VMqCs+upKVTdJcCVNU="
    },
    "classie": {
      "version": "1.0.0",
      "resolved": "http://registry.npm.taobao.org/classie/download/classie-1.0.0.tgz",
      "integrity": "sha1-/JsptH5k43SiBi+2JNBaYc1wOrI="
    },
    "combine-source-map": {
      "version": "0.7.2",
      "resolved": "http://registry.npm.taobao.org/combine-source-map/download/combine-source-map-0.7.2.tgz",
      "integrity": "sha1-CHAxKFazB6h8xKxIbzqaYq7MwJ4=",
      "requires": {
        "convert-source-map": "1.1.3",
        "inline-source-map": "0.6.2",
        "lodash.memoize": "3.0.4",
        "source-map": "0.5.7"
      }
    },
    "concat-map": {
      "version": "0.0.1",
      "resolved": "http://registry.npm.taobao.org/concat-map/download/concat-map-0.0.1.tgz",
      "integrity": "sha1-2Klr13/Wjfd5OnMDajug1UBdR3s="
    },
    "concat-stream": {
      "version": "1.5.2",
      "resolved": "http://registry.npm.taobao.org/concat-stream/download/concat-stream-1.5.2.tgz",
      "integrity": "sha1-cIl4Yk2FavQaWnQd790mHadSwmY=",
      "requires": {
        "inherits": "2.0.3",
        "readable-stream": "2.0.6",
        "typedarray": "0.0.6"
      },
      "dependencies": {
        "readable-stream": {
          "version": "2.0.6",
          "resolved": "http://registry.npm.taobao.org/readable-stream/download/readable-stream-2.0.6.tgz",
          "integrity": "sha1-j5A0HmilPMySh4jaz80Rs265t44=",
          "requires": {
            "core-util-is": "1.0.2",
            "inherits": "2.0.3",
            "isarray": "1.0.0",
            "process-nextick-args": "1.0.7",
            "string_decoder": "0.10.31",
            "util-deprecate": "1.0.2"
          }
        },
        "string_decoder": {
          "version": "0.10.31",
          "resolved": "http://registry.npm.taobao.org/string_decoder/download/string_decoder-0.10.31.tgz",
          "integrity": "sha1-YuIDvEF2bGwoyfyEMB2rHFMQ+pQ="
        }
      }
    },
    "console-browserify": {
      "version": "1.1.0",
      "resolved": "http://registry.npm.taobao.org/console-browserify/download/console-browserify-1.1.0.tgz",
      "integrity": "sha1-8CQcRXMKn8YyOyBtvzjtx0HQuxA=",
      "requires": {
        "date-now": "0.1.4"
      }
    },
    "constants-browserify": {
      "version": "1.0.0",
      "resolved": "http://registry.npm.taobao.org/constants-browserify/download/constants-browserify-1.0.0.tgz",
      "integrity": "sha1-wguW2MYXdIqvHBYCF2DNJ/y4y3U="
    },
    "convert-source-map": {
      "version": "1.1.3",
      "resolved": "http://registry.npm.taobao.org/convert-source-map/download/convert-source-map-1.1.3.tgz",
      "integrity": "sha1-SCnId+n+SbMWHzvzZziI4gRpmGA="
    },
    "core-util-is": {
      "version": "1.0.2",
      "resolved": "http://registry.npm.taobao.org/core-util-is/download/core-util-is-1.0.2.tgz",
      "integrity": "sha1-tf1UIgqivFq1eqtxQMlAdUUDwac="
    },
    "create-ecdh": {
      "version": "4.0.0",
      "resolved": "http://registry.npm.taobao.org/create-ecdh/download/create-ecdh-4.0.0.tgz",
      "integrity": "sha1-iIxyNZbN92EvZJgjPuvXo1MBc30=",
      "requires": {
        "bn.js": "4.11.8",
        "elliptic": "6.4.0"
      }
    },
    "create-hash": {
      "version": "1.1.3",
      "resolved": "http://registry.npm.taobao.org/create-hash/download/create-hash-1.1.3.tgz",
      "integrity": "sha1-YGBCrIuSYnUPSDyt2rD1gZFy2P0=",
      "requires": {
        "cipher-base": "1.0.4",
        "inherits": "2.0.3",
        "ripemd160": "2.0.1",
        "sha.js": "2.4.9"
      }
    },
    "create-hmac": {
      "version": "1.1.6",
      "resolved": "http://registry.npm.taobao.org/create-hmac/download/create-hmac-1.1.6.tgz",
      "integrity": "sha1-rLniIaThe9sHbpBlfEK5PjcmzwY=",
      "requires": {
        "cipher-base": "1.0.4",
        "create-hash": "1.1.3",
        "inherits": "2.0.3",
        "ripemd160": "2.0.1",
        "safe-buffer": "5.1.1",
        "sha.js": "2.4.9"
      }
    },
    "crypto-browserify": {
      "version": "3.12.0",
      "resolved": "http://registry.npm.taobao.org/crypto-browserify/download/crypto-browserify-3.12.0.tgz",
      "integrity": "sha1-OWz58xN/A+S45TLFj2mCVOAPgOw=",
      "requires": {
        "browserify-cipher": "1.0.0",
        "browserify-sign": "4.0.4",
        "create-ecdh": "4.0.0",
        "create-hash": "1.1.3",
        "create-hmac": "1.1.6",
        "diffie-hellman": "5.0.2",
        "inherits": "2.0.3",
        "pbkdf2": "3.0.14",
        "public-encrypt": "4.0.0",
        "randombytes": "2.0.5",
        "randomfill": "1.0.3"
      }
    },
    "datatables.net": {
      "version": "1.10.16",
      "resolved": "http://registry.npm.taobao.org/datatables.net/download/datatables.net-1.10.16.tgz",
      "integrity": "sha1-SwUtEIKCQmG2ju2dInQbcR09JGk=",
      "requires": {
        "jquery": "3.2.1"
      }
    },
    "datatables.net-bs": {
      "version": "1.10.16",
      "resolved": "http://registry.npm.taobao.org/datatables.net-bs/download/datatables.net-bs-1.10.16.tgz",
      "integrity": "sha1-sIVPWzdPcTrj20FWx86op2DD3nY=",
      "requires": {
        "datatables.net": "1.10.16",
        "jquery": "3.2.1"
      }
    },
    "date-now": {
      "version": "0.1.4",
      "resolved": "http://registry.npm.taobao.org/date-now/download/date-now-0.1.4.tgz",
      "integrity": "sha1-6vQ5/U1ISK105cx9vvIAZyueNFs="
    },
    "defined": {
      "version": "1.0.0",
      "resolved": "http://registry.npm.taobao.org/defined/download/defined-1.0.0.tgz",
      "integrity": "sha1-yY2bzvdWdBiOEQlpFRGZ45sfppM="
    },
    "deps-sort": {
      "version": "2.0.0",
      "resolved": "http://registry.npm.taobao.org/deps-sort/download/deps-sort-2.0.0.tgz",
      "integrity": "sha1-CRckkC6EZYJg65EHSMzNGvbiH7U=",
      "requires": {
        "JSONStream": "1.3.1",
        "shasum": "1.0.2",
        "subarg": "1.0.0",
        "through2": "2.0.3"
      }
    },
    "des.js": {
      "version": "1.0.0",
      "resolved": "http://registry.npm.taobao.org/des.js/download/des.js-1.0.0.tgz",
      "integrity": "sha1-wHTS4qpqipoH29YfmhXCzYPsjsw=",
      "requires": {
        "inherits": "2.0.3",
        "minimalistic-assert": "1.0.0"
      }
    },
    "detective": {
      "version": "4.5.0",
      "resolved": "http://registry.npm.taobao.org/detective/download/detective-4.5.0.tgz",
      "integrity": "sha1-blqMaybmx6JUsca210kNmOyR7dE=",
      "requires": {
        "acorn": "4.0.13",
        "defined": "1.0.0"
      }
    },
    "diffie-hellman": {
      "version": "5.0.2",
      "resolved": "http://registry.npm.taobao.org/diffie-hellman/download/diffie-hellman-5.0.2.tgz",
      "integrity": "sha1-tYNXOScM/ias9jIJn97SoH8gnl4=",
      "requires": {
        "bn.js": "4.11.8",
        "miller-rabin": "4.0.1",
        "randombytes": "2.0.5"
      }
    },
    "domain-browser": {
      "version": "1.1.7",
      "resolved": "http://registry.npm.taobao.org/domain-browser/download/domain-browser-1.1.7.tgz",
      "integrity": "sha1-hnqksJP6oF8d4IwG9NeyH9+GmLw="
    },
    "domhelper": {
      "version": "0.9.1",
      "resolved": "http://registry.npm.taobao.org/domhelper/download/domhelper-0.9.1.tgz",
      "integrity": "sha1-JlVOW6wsnpWF3KUAl431Bn1kvQA=",
      "requires": {
        "browserify": "14.5.0",
        "classie": "1.0.0",
        "util-extend": "1.0.3"
      }
    },
    "duplexer2": {
      "version": "0.1.4",
      "resolved": "http://registry.npm.taobao.org/duplexer2/download/duplexer2-0.1.4.tgz",
      "integrity": "sha1-ixLauHjA1p4+eJEFFmKjL8a93ME=",
      "requires": {
        "readable-stream": "2.3.3"
      }
    },
    "elliptic": {
      "version": "6.4.0",
      "resolved": "http://registry.npm.taobao.org/elliptic/download/elliptic-6.4.0.tgz",
      "integrity": "sha1-ysmvh2LIWDYYcAPI3+GT5eLq5d8=",
      "requires": {
        "bn.js": "4.11.8",
        "brorand": "1.1.0",
        "hash.js": "1.1.3",
        "hmac-drbg": "1.0.1",
        "inherits": "2.0.3",
        "minimalistic-assert": "1.0.0",
        "minimalistic-crypto-utils": "1.0.1"
      }
    },
    "eve-raphael": {
      "version": "0.5.0",
      "resolved": "http://registry.npm.taobao.org/eve-raphael/download/eve-raphael-0.5.0.tgz",
      "integrity": "sha1-F8dUt5K+7z+maE15z1pHxjxM2jA="
    },
    "events": {
      "version": "1.1.1",
      "resolved": "http://registry.npm.taobao.org/events/download/events-1.1.1.tgz",
      "integrity": "sha1-nr23Y1rQmccNzEwqH1AEKI6L2SQ="
    },
    "evp_bytestokey": {
      "version": "1.0.3",
      "resolved": "http://registry.npm.taobao.org/evp_bytestokey/download/evp_bytestokey-1.0.3.tgz",
      "integrity": "sha1-f8vbGY3HGVlDLv4ThCaE4FJaywI=",
      "requires": {
        "md5.js": "1.3.4",
        "safe-buffer": "5.1.1"
      }
    },
    "fastclick": {
      "version": "1.0.6",
      "resolved": "http://registry.npm.taobao.org/fastclick/download/fastclick-1.0.6.tgz",
      "integrity": "sha1-FhYlsnsaWAZAWTa9qaLBkm0Gvmo="
    },
    "flot": {
      "version": "0.8.0-alpha",
      "resolved": "http://registry.npm.taobao.org/flot/download/flot-0.8.0-alpha.tgz",
      "integrity": "sha1-nLvHFHwQpH0lSduQvSmH7BunhLo="
    },
    "font-awesome": {
      "version": "4.7.0",
      "resolved": "http://registry.npm.taobao.org/font-awesome/download/font-awesome-4.7.0.tgz",
      "integrity": "sha1-j6jPBBGhoxr9B7BtKQK7n8gVoTM="
    },
    "fs.realpath": {
      "version": "1.0.0",
      "resolved": "http://registry.npm.taobao.org/fs.realpath/download/fs.realpath-1.0.0.tgz",
      "integrity": "sha1-FQStJSMVjKpA20onh8sBQRmU6k8="
    },
    "fullcalendar": {
      "version": "3.7.0",
      "resolved": "http://registry.npm.taobao.org/fullcalendar/download/fullcalendar-3.7.0.tgz",
      "integrity": "sha1-dDCZQ3kKAIVkfvdnHIHIUvaLSig=",
      "requires": {
        "jquery": "3.2.1",
        "moment": "2.19.2"
      }
    },
    "function-bind": {
      "version": "1.1.1",
      "resolved": "http://registry.npm.taobao.org/function-bind/download/function-bind-1.1.1.tgz",
      "integrity": "sha1-pWiZ0+o8m6uHS7l3O3xe3pL0iV0="
    },
    "glob": {
      "version": "7.1.2",
      "resolved": "http://registry.npm.taobao.org/glob/download/glob-7.1.2.tgz",
      "integrity": "sha1-wZyd+aAocC1nhhI4SmVSQExjbRU=",
      "requires": {
        "fs.realpath": "1.0.0",
        "inflight": "1.0.6",
        "inherits": "2.0.3",
        "minimatch": "3.0.4",
        "once": "1.4.0",
        "path-is-absolute": "1.0.1"
      }
    },
    "has": {
      "version": "1.0.1",
      "resolved": "http://registry.npm.taobao.org/has/download/has-1.0.1.tgz",
      "integrity": "sha1-hGFzP1OLCDfJNh45qauelwTcLyg=",
      "requires": {
        "function-bind": "1.1.1"
      }
    },
    "hash-base": {
      "version": "2.0.2",
      "resolved": "http://registry.npm.taobao.org/hash-base/download/hash-base-2.0.2.tgz",
      "integrity": "sha1-ZuodhW206KVHDK32/OI65SRO8uE=",
      "requires": {
        "inherits": "2.0.3"
      }
    },
    "hash.js": {
      "version": "1.1.3",
      "resolved": "http://registry.npm.taobao.org/hash.js/download/hash.js-1.1.3.tgz",
      "integrity": "sha1-NA3tvmKQGHFRweodd3o0SJNd+EY=",
      "requires": {
        "inherits": "2.0.3",
        "minimalistic-assert": "1.0.0"
      }
    },
    "hmac-drbg": {
      "version": "1.0.1",
      "resolved": "http://registry.npm.taobao.org/hmac-drbg/download/hmac-drbg-1.0.1.tgz",
      "integrity": "sha1-0nRXAQJabHdabFRXk+1QL8DGSaE=",
      "requires": {
        "hash.js": "1.1.3",
        "minimalistic-assert": "1.0.0",
        "minimalistic-crypto-utils": "1.0.1"
      }
    },
    "htmlescape": {
      "version": "1.1.1",
      "resolved": "http://registry.npm.taobao.org/htmlescape/download/htmlescape-1.1.1.tgz",
      "integrity": "sha1-OgPtwiFLyjtmQko+eVk0lQnLA1E="
    },
    "https-browserify": {
      "version": "1.0.0",
      "resolved": "http://registry.npm.taobao.org/https-browserify/download/https-browserify-1.0.0.tgz",
      "integrity": "sha1-7AbBDgo0wPL68Zn3/X/Hj//QPHM="
    },
    "ieee754": {
      "version": "1.1.8",
      "resolved": "http://registry.npm.taobao.org/ieee754/download/ieee754-1.1.8.tgz",
      "integrity": "sha1-vjPUCsEO8ZJnAfbwii2G+/0a0+Q="
    },
    "indexof": {
      "version": "0.0.1",
      "resolved": "http://registry.npm.taobao.org/indexof/download/indexof-0.0.1.tgz",
      "integrity": "sha1-gtwzbSMrkGIXnQWrMpOmYFn9Q10="
    },
    "inflight": {
      "version": "1.0.6",
      "resolved": "http://registry.npm.taobao.org/inflight/download/inflight-1.0.6.tgz",
      "integrity": "sha1-Sb1jMdfQLQwJvJEKEHW6gWW1bfk=",
      "requires": {
        "once": "1.4.0",
        "wrappy": "1.0.2"
      }
    },
    "inherits": {
      "version": "2.0.3",
      "resolved": "http://registry.npm.taobao.org/inherits/download/inherits-2.0.3.tgz",
      "integrity": "sha1-Yzwsg+PaQqUC9SRmAiSA9CCCYd4="
    },
    "inline-source-map": {
      "version": "0.6.2",
      "resolved": "http://registry.npm.taobao.org/inline-source-map/download/inline-source-map-0.6.2.tgz",
      "integrity": "sha1-+Tk0ccGKedFyT4Y/o4tYY3Ct4qU=",
      "requires": {
        "source-map": "0.5.7"
      }
    },
    "inputmask": {
      "version": "3.3.11",
      "resolved": "http://registry.npm.taobao.org/inputmask/download/inputmask-3.3.11.tgz",
      "integrity": "sha1-FCHJSuKMPc0bTSYze1CLs0mY4tg="
    },
    "insert-module-globals": {
      "version": "7.0.1",
      "resolved": "http://registry.npm.taobao.org/insert-module-globals/download/insert-module-globals-7.0.1.tgz",
      "integrity": "sha1-wDv04BywhtW15azorQr+eInWOMM=",
      "requires": {
        "JSONStream": "1.3.1",
        "combine-source-map": "0.7.2",
        "concat-stream": "1.5.2",
        "is-buffer": "1.1.6",
        "lexical-scope": "1.2.0",
        "process": "0.11.10",
        "through2": "2.0.3",
        "xtend": "4.0.1"
      }
    },
    "ion-rangeslider": {
      "version": "2.2.0",
      "resolved": "http://registry.npm.taobao.org/ion-rangeslider/download/ion-rangeslider-2.2.0.tgz",
      "integrity": "sha1-OI8SzXBZOmGzNo+tbE8wpdqLl8k=",
      "requires": {
        "jquery": "3.2.1"
      }
    },
    "ionicons": {
      "version": "3.0.0",
      "resolved": "http://registry.npm.taobao.org/ionicons/download/ionicons-3.0.0.tgz",
      "integrity": "sha1-QLja9P16MRUL0AIWD2ZJbiKpjDw="
    },
    "is-buffer": {
      "version": "1.1.6",
      "resolved": "http://registry.npm.taobao.org/is-buffer/download/is-buffer-1.1.6.tgz",
      "integrity": "sha1-76ouqdqg16suoTqXsritUf776L4="
    },
    "isarray": {
      "version": "1.0.0",
      "resolved": "http://registry.npm.taobao.org/isarray/download/isarray-1.0.0.tgz",
      "integrity": "sha1-u5NdSFgsuhaMBoNJV6VKPgcSTxE="
    },
    "jquery": {
      "version": "3.2.1",
      "resolved": "http://registry.npm.taobao.org/jquery/download/jquery-3.2.1.tgz",
      "integrity": "sha1-XE2d5lKvbNCncBVKYxu6ErAVx4c="
    },
    "jquery-knob": {
      "version": "1.2.11",
      "resolved": "http://registry.npm.taobao.org/jquery-knob/download/jquery-knob-1.2.11.tgz",
      "integrity": "sha1-83w528HHpqbBLNsu1Pa/+2g/ENY="
    },
    "jquery-mousewheel": {
      "version": "3.1.13",
      "resolved": "http://registry.npm.taobao.org/jquery-mousewheel/download/jquery-mousewheel-3.1.13.tgz",
      "integrity": "sha1-BvAzXxbjU6aV5yBr9QUDy1I6buU="
    },
    "jquery-sparkline": {
      "version": "2.4.0",
      "resolved": "http://registry.npm.taobao.org/jquery-sparkline/download/jquery-sparkline-2.4.0.tgz",
      "integrity": "sha1-G+i3twTdOFcVJwiu+x1KSzpp+zM="
    },
    "jquery-ui": {
      "version": "1.12.1",
      "resolved": "http://registry.npm.taobao.org/jquery-ui/download/jquery-ui-1.12.1.tgz",
      "integrity": "sha1-vLQEXI3QU5wTS8FIjN0+dop6nlE="
    },
    "json-stable-stringify": {
      "version": "0.0.1",
      "resolved": "http://registry.npm.taobao.org/json-stable-stringify/download/json-stable-stringify-0.0.1.tgz",
      "integrity": "sha1-YRwj6BTbN1Un34URk9tZ3Sryf0U=",
      "requires": {
        "jsonify": "0.0.0"
      }
    },
    "jsonify": {
      "version": "0.0.0",
      "resolved": "http://registry.npm.taobao.org/jsonify/download/jsonify-0.0.0.tgz",
      "integrity": "sha1-LHS27kHZPKUbe1qu6PUDYx0lKnM="
    },
    "jsonparse": {
      "version": "1.3.1",
      "resolved": "http://registry.npm.taobao.org/jsonparse/download/jsonparse-1.3.1.tgz",
      "integrity": "sha1-P02uSpH6wxX3EGL4UhzCOfE2YoA="
    },
    "jvectormap": {
      "version": "1.2.2",
      "resolved": "http://registry.npm.taobao.org/jvectormap/download/jvectormap-1.2.2.tgz",
      "integrity": "sha1-LkQIskpgRz/xBsHnJD43WuXKhdo=",
      "requires": {
        "jquery": "3.2.1"
      }
    },
    "labeled-stream-splicer": {
      "version": "2.0.0",
      "resolved": "http://registry.npm.taobao.org/labeled-stream-splicer/download/labeled-stream-splicer-2.0.0.tgz",
      "integrity": "sha1-pS4dE4AkwAuGscDJH2d5GLiuClk=",
      "requires": {
        "inherits": "2.0.3",
        "isarray": "0.0.1",
        "stream-splicer": "2.0.0"
      },
      "dependencies": {
        "isarray": {
          "version": "0.0.1",
          "resolved": "http://registry.npm.taobao.org/isarray/download/isarray-0.0.1.tgz",
          "integrity": "sha1-ihis/Kmo9Bd+Cav8YDiTmwXR7t8="
        }
      }
    },
    "lexical-scope": {
      "version": "1.2.0",
      "resolved": "http://registry.npm.taobao.org/lexical-scope/download/lexical-scope-1.2.0.tgz",
      "integrity": "sha1-/Ope3HBKSzqHls3KQZw6CvryLfQ=",
      "requires": {
        "astw": "2.2.0"
      }
    },
    "lodash.memoize": {
      "version": "3.0.4",
      "resolved": "http://registry.npm.taobao.org/lodash.memoize/download/lodash.memoize-3.0.4.tgz",
      "integrity": "sha1-LcvSwofLwKVcxCMovQxzYVDVPj8="
    },
    "md5.js": {
      "version": "1.3.4",
      "resolved": "http://registry.npm.taobao.org/md5.js/download/md5.js-1.3.4.tgz",
      "integrity": "sha1-6b296UogpawYsENA/Fdk1bCdkB0=",
      "requires": {
        "hash-base": "3.0.4",
        "inherits": "2.0.3"
      },
      "dependencies": {
        "hash-base": {
          "version": "3.0.4",
          "resolved": "http://registry.npm.taobao.org/hash-base/download/hash-base-3.0.4.tgz",
          "integrity": "sha1-X8hoaEfs1zSZQDMZprCj8/auSRg=",
          "requires": {
            "inherits": "2.0.3",
            "safe-buffer": "5.1.1"
          }
        }
      }
    },
    "miller-rabin": {
      "version": "4.0.1",
      "resolved": "http://registry.npm.taobao.org/miller-rabin/download/miller-rabin-4.0.1.tgz",
      "integrity": "sha1-8IA1HIZbDcViqEYpZtqlNUPHik0=",
      "requires": {
        "bn.js": "4.11.8",
        "brorand": "1.1.0"
      }
    },
    "minimalistic-assert": {
      "version": "1.0.0",
      "resolved": "http://registry.npm.taobao.org/minimalistic-assert/download/minimalistic-assert-1.0.0.tgz",
      "integrity": "sha1-cCvi3aazf0g2vLP121ZkG2Sh09M="
    },
    "minimalistic-crypto-utils": {
      "version": "1.0.1",
      "resolved": "http://registry.npm.taobao.org/minimalistic-crypto-utils/download/minimalistic-crypto-utils-1.0.1.tgz",
      "integrity": "sha1-9sAMHAsIIkblxNmd+4x8CDsrWCo="
    },
    "minimatch": {
      "version": "3.0.4",
      "resolved": "http://registry.npm.taobao.org/minimatch/download/minimatch-3.0.4.tgz",
      "integrity": "sha1-UWbihkV/AzBgZL5Ul+jbsMPTIIM=",
      "requires": {
        "brace-expansion": "1.1.8"
      }
    },
    "minimist": {
      "version": "1.2.0",
      "resolved": "http://registry.npm.taobao.org/minimist/download/minimist-1.2.0.tgz",
      "integrity": "sha1-o1AIsg9BOD7sH7kU9M1d95omQoQ="
    },
    "module-deps": {
      "version": "4.1.1",
      "resolved": "http://registry.npm.taobao.org/module-deps/download/module-deps-4.1.1.tgz",
      "integrity": "sha1-IyFYM/HaE/1gbMuAh7RIUty4If0=",
      "requires": {
        "JSONStream": "1.3.1",
        "browser-resolve": "1.11.2",
        "cached-path-relative": "1.0.1",
        "concat-stream": "1.5.2",
        "defined": "1.0.0",
        "detective": "4.5.0",
        "duplexer2": "0.1.4",
        "inherits": "2.0.3",
        "parents": "1.0.1",
        "readable-stream": "2.3.3",
        "resolve": "1.5.0",
        "stream-combiner2": "1.1.1",
        "subarg": "1.0.0",
        "through2": "2.0.3",
        "xtend": "4.0.1"
      }
    },
    "moment": {
      "version": "2.19.2",
      "resolved": "http://registry.npm.taobao.org/moment/download/moment-2.19.2.tgz",
      "integrity": "sha1-in93TJWmRVC0x+vUlmg5CPlBnb4="
    },
    "morris.js": {
      "version": "0.5.0",
      "resolved": "http://registry.npm.taobao.org/morris.js/download/morris.js-0.5.0.tgz",
      "integrity": "sha1-cldnE1z64Fmq51mZuyzmocXRtEs="
    },
    "once": {
      "version": "1.4.0",
      "resolved": "http://registry.npm.taobao.org/once/download/once-1.4.0.tgz",
      "integrity": "sha1-WDsap3WWHUsROsF9nFC6753Xa9E=",
      "requires": {
        "wrappy": "1.0.2"
      }
    },
    "os-browserify": {
      "version": "0.3.0",
      "resolved": "http://registry.npm.taobao.org/os-browserify/download/os-browserify-0.3.0.tgz",
      "integrity": "sha1-hUNzx/XCMVkU/Jv8a9gjj92h7Cc="
    },
    "pace": {
      "version": "0.0.4",
      "resolved": "http://registry.npm.taobao.org/pace/download/pace-0.0.4.tgz",
      "integrity": "sha1-1mQF1fW8EtJUQabibIeNvGnnenc=",
      "requires": {
        "charm": "0.1.2"
      }
    },
    "pako": {
      "version": "1.0.6",
      "resolved": "http://registry.npm.taobao.org/pako/download/pako-1.0.6.tgz",
      "integrity": "sha1-AQEhG6pwxLykoPY/Igbpe3368lg="
    },
    "parents": {
      "version": "1.0.1",
      "resolved": "http://registry.npm.taobao.org/parents/download/parents-1.0.1.tgz",
      "integrity": "sha1-/t1NK/GTp3dF/nHjcdc8MwfZx1E=",
      "requires": {
        "path-platform": "0.11.15"
      }
    },
    "parse-asn1": {
      "version": "5.1.0",
      "resolved": "http://registry.npm.taobao.org/parse-asn1/download/parse-asn1-5.1.0.tgz",
      "integrity": "sha1-N8T5t+06tlx0gXtfJICTf7+XxxI=",
      "requires": {
        "asn1.js": "4.9.2",
        "browserify-aes": "1.1.1",
        "create-hash": "1.1.3",
        "evp_bytestokey": "1.0.3",
        "pbkdf2": "3.0.14"
      }
    },
    "path-browserify": {
      "version": "0.0.0",
      "resolved": "http://registry.npm.taobao.org/path-browserify/download/path-browserify-0.0.0.tgz",
      "integrity": "sha1-oLhwcpquIUAFt9UDLsLLuw+0RRo="
    },
    "path-is-absolute": {
      "version": "1.0.1",
      "resolved": "http://registry.npm.taobao.org/path-is-absolute/download/path-is-absolute-1.0.1.tgz",
      "integrity": "sha1-F0uSaHNVNP+8es5r9TpanhtcX18="
    },
    "path-parse": {
      "version": "1.0.5",
      "resolved": "http://registry.npm.taobao.org/path-parse/download/path-parse-1.0.5.tgz",
      "integrity": "sha1-PBrfhx6pzWyUMbbqK9dKD/BVxME="
    },
    "path-platform": {
      "version": "0.11.15",
      "resolved": "http://registry.npm.taobao.org/path-platform/download/path-platform-0.11.15.tgz",
      "integrity": "sha1-6GQhf3TDaFDwhSt43Hv31KVyG/I="
    },
    "pbkdf2": {
      "version": "3.0.14",
      "resolved": "http://registry.npm.taobao.org/pbkdf2/download/pbkdf2-3.0.14.tgz",
      "integrity": "sha1-o14TxkeZsGzhUyD0WcIw5o5zut4=",
      "requires": {
        "create-hash": "1.1.3",
        "create-hmac": "1.1.6",
        "ripemd160": "2.0.1",
        "safe-buffer": "5.1.1",
        "sha.js": "2.4.9"
      }
    },
    "process": {
      "version": "0.11.10",
      "resolved": "http://registry.npm.taobao.org/process/download/process-0.11.10.tgz",
      "integrity": "sha1-czIwDoQBYb2j5podHZGn1LwW8YI="
    },
    "process-nextick-args": {
      "version": "1.0.7",
      "resolved": "http://registry.npm.taobao.org/process-nextick-args/download/process-nextick-args-1.0.7.tgz",
      "integrity": "sha1-FQ4gt1ZZCtP5EJPyWk8q2L/zC6M="
    },
    "public-encrypt": {
      "version": "4.0.0",
      "resolved": "http://registry.npm.taobao.org/public-encrypt/download/public-encrypt-4.0.0.tgz",
      "integrity": "sha1-OfaZ86RlYN1eusvKaTyvfGXBjMY=",
      "requires": {
        "bn.js": "4.11.8",
        "browserify-rsa": "4.0.1",
        "create-hash": "1.1.3",
        "parse-asn1": "5.1.0",
        "randombytes": "2.0.5"
      }
    },
    "punycode": {
      "version": "1.4.1",
      "resolved": "http://registry.npm.taobao.org/punycode/download/punycode-1.4.1.tgz",
      "integrity": "sha1-wNWmOycYgArY4esPpSachN1BhF4="
    },
    "querystring": {
      "version": "0.2.0",
      "resolved": "http://registry.npm.taobao.org/querystring/download/querystring-0.2.0.tgz",
      "integrity": "sha1-sgmEkgO7Jd+CDadW50cAWHhSFiA="
    },
    "querystring-es3": {
      "version": "0.2.1",
      "resolved": "http://registry.npm.taobao.org/querystring-es3/download/querystring-es3-0.2.1.tgz",
      "integrity": "sha1-nsYfeQSYdXB9aUFFlv2Qek1xHnM="
    },
    "randombytes": {
      "version": "2.0.5",
      "resolved": "http://registry.npm.taobao.org/randombytes/download/randombytes-2.0.5.tgz",
      "integrity": "sha1-3ACaJGuNCaF3tLegrne8Vw9LG3k=",
      "requires": {
        "safe-buffer": "5.1.1"
      }
    },
    "randomfill": {
      "version": "1.0.3",
      "resolved": "http://registry.npm.taobao.org/randomfill/download/randomfill-1.0.3.tgz",
      "integrity": "sha1-uWt99YfwHdkXJsQY8wVTsUGOPWI=",
      "requires": {
        "randombytes": "2.0.5",
        "safe-buffer": "5.1.1"
      }
    },
    "raphael": {
      "version": "2.2.7",
      "resolved": "http://registry.npm.taobao.org/raphael/download/raphael-2.2.7.tgz",
      "integrity": "sha1-IxsZFB+NCGmG2PrOtm+LVi7iyBA=",
      "requires": {
        "eve-raphael": "0.5.0"
      }
    },
    "read-only-stream": {
      "version": "2.0.0",
      "resolved": "http://registry.npm.taobao.org/read-only-stream/download/read-only-stream-2.0.0.tgz",
      "integrity": "sha1-JyT9aoET1zdkrCiNQ4YnDB2/F/A=",
      "requires": {
        "readable-stream": "2.3.3"
      }
    },
    "readable-stream": {
      "version": "2.3.3",
      "resolved": "http://registry.npm.taobao.org/readable-stream/download/readable-stream-2.3.3.tgz",
      "integrity": "sha1-No8lEtefnUb9/HE0mueHi7weuVw=",
      "requires": {
        "core-util-is": "1.0.2",
        "inherits": "2.0.3",
        "isarray": "1.0.0",
        "process-nextick-args": "1.0.7",
        "safe-buffer": "5.1.1",
        "string_decoder": "1.0.3",
        "util-deprecate": "1.0.2"
      }
    },
    "resolve": {
      "version": "1.5.0",
      "resolved": "http://registry.npm.taobao.org/resolve/download/resolve-1.5.0.tgz",
      "integrity": "sha1-HwmsznlsmnYlefMbLBzEw83fnzY=",
      "requires": {
        "path-parse": "1.0.5"
      }
    },
    "ripemd160": {
      "version": "2.0.1",
      "resolved": "http://registry.npm.taobao.org/ripemd160/download/ripemd160-2.0.1.tgz",
      "integrity": "sha1-D0WEKVxTo2KK9+bXmsohzlfRxuc=",
      "requires": {
        "hash-base": "2.0.2",
        "inherits": "2.0.3"
      }
    },
    "safe-buffer": {
      "version": "5.1.1",
      "resolved": "http://registry.npm.taobao.org/safe-buffer/download/safe-buffer-5.1.1.tgz",
      "integrity": "sha1-iTMSr2myEj3vcfV4iQAWce6yyFM="
    },
    "select2": {
      "version": "4.0.5",
      "resolved": "http://registry.npm.taobao.org/select2/download/select2-4.0.5.tgz",
      "integrity": "sha1-eqxQaSVhmFs007guxV4ib4lg1Ao=",
      "requires": {
        "almond": "0.3.3",
        "jquery-mousewheel": "3.1.13"
      }
    },
    "sha.js": {
      "version": "2.4.9",
      "resolved": "http://registry.npm.taobao.org/sha.js/download/sha.js-2.4.9.tgz",
      "integrity": "sha1-mPZIgEdLdPSji42p08Dy0QRjPn0=",
      "requires": {
        "inherits": "2.0.3",
        "safe-buffer": "5.1.1"
      }
    },
    "shasum": {
      "version": "1.0.2",
      "resolved": "http://registry.npm.taobao.org/shasum/download/shasum-1.0.2.tgz",
      "integrity": "sha1-5wEjENj0F/TetXEhUOVni4euVl8=",
      "requires": {
        "json-stable-stringify": "0.0.1",
        "sha.js": "2.4.9"
      }
    },
    "shell-quote": {
      "version": "1.6.1",
      "resolved": "http://registry.npm.taobao.org/shell-quote/download/shell-quote-1.6.1.tgz",
      "integrity": "sha1-9HgZSczkAmlxJ0MOo7PFR29IF2c=",
      "requires": {
        "array-filter": "0.0.1",
        "array-map": "0.0.0",
        "array-reduce": "0.0.0",
        "jsonify": "0.0.0"
      }
    },
    "slimscroll": {
      "version": "0.9.1",
      "resolved": "http://registry.npm.taobao.org/slimscroll/download/slimscroll-0.9.1.tgz",
      "integrity": "sha1-9nXNxgHYCtog8WAE0ifRVv0Rh7I=",
      "requires": {
        "browserify": "14.5.0",
        "classie": "1.0.0",
        "domhelper": "0.9.1",
        "util-extend": "1.0.3"
      }
    },
    "source-map": {
      "version": "0.5.7",
      "resolved": "http://registry.npm.taobao.org/source-map/download/source-map-0.5.7.tgz",
      "integrity": "sha1-igOdLRAh0i0eoUyA2OpGi6LvP8w="
    },
    "stream-browserify": {
      "version": "2.0.1",
      "resolved": "http://registry.npm.taobao.org/stream-browserify/download/stream-browserify-2.0.1.tgz",
      "integrity": "sha1-ZiZu5fm9uZQKTkUUyvtDu3Hlyds=",
      "requires": {
        "inherits": "2.0.3",
        "readable-stream": "2.3.3"
      }
    },
    "stream-combiner2": {
      "version": "1.1.1",
      "resolved": "http://registry.npm.taobao.org/stream-combiner2/download/stream-combiner2-1.1.1.tgz",
      "integrity": "sha1-+02KFCDqNidk4hrUeAOXvry0HL4=",
      "requires": {
        "duplexer2": "0.1.4",
        "readable-stream": "2.3.3"
      }
    },
    "stream-http": {
      "version": "2.7.2",
      "resolved": "http://registry.npm.taobao.org/stream-http/download/stream-http-2.7.2.tgz",
      "integrity": "sha1-QKBQ7I3DtTsz2ZCUFcAsC/Gr+60=",
      "requires": {
        "builtin-status-codes": "3.0.0",
        "inherits": "2.0.3",
        "readable-stream": "2.3.3",
        "to-arraybuffer": "1.0.1",
        "xtend": "4.0.1"
      }
    },
    "stream-splicer": {
      "version": "2.0.0",
      "resolved": "http://registry.npm.taobao.org/stream-splicer/download/stream-splicer-2.0.0.tgz",
      "integrity": "sha1-G2O+Q4oTPktnHMGTUZdgAXWRDYM=",
      "requires": {
        "inherits": "2.0.3",
        "readable-stream": "2.3.3"
      }
    },
    "string_decoder": {
      "version": "1.0.3",
      "resolved": "http://registry.npm.taobao.org/string_decoder/download/string_decoder-1.0.3.tgz",
      "integrity": "sha1-D8Z9fBQYJd6UKC3VNr7GubzoYKs=",
      "requires": {
        "safe-buffer": "5.1.1"
      }
    },
    "subarg": {
      "version": "1.0.0",
      "resolved": "http://registry.npm.taobao.org/subarg/download/subarg-1.0.0.tgz",
      "integrity": "sha1-9izxdYHplrSPyWVpn1TAauJouNI=",
      "requires": {
        "minimist": "1.2.0"
      }
    },
    "syntax-error": {
      "version": "1.3.0",
      "resolved": "http://registry.npm.taobao.org/syntax-error/download/syntax-error-1.3.0.tgz",
      "integrity": "sha1-HtkmbE1AvnXcVb+bsct3Biu5bKE=",
      "requires": {
        "acorn": "4.0.13"
      }
    },
    "through": {
      "version": "2.3.8",
      "resolved": "http://registry.npm.taobao.org/through/download/through-2.3.8.tgz",
      "integrity": "sha1-DdTJ/6q8NXlgsbckEV1+Doai4fU="
    },
    "through2": {
      "version": "2.0.3",
      "resolved": "http://registry.npm.taobao.org/through2/download/through2-2.0.3.tgz",
      "integrity": "sha1-AARWmzfHx0ujnEPzzteNGtlBQL4=",
      "requires": {
        "readable-stream": "2.3.3",
        "xtend": "4.0.1"
      }
    },
    "timers-browserify": {
      "version": "1.4.2",
      "resolved": "http://registry.npm.taobao.org/timers-browserify/download/timers-browserify-1.4.2.tgz",
      "integrity": "sha1-ycWLV1voQHN1y14kYtrO50NZ9B0=",
      "requires": {
        "process": "0.11.10"
      }
    },
    "to-arraybuffer": {
      "version": "1.0.1",
      "resolved": "http://registry.npm.taobao.org/to-arraybuffer/download/to-arraybuffer-1.0.1.tgz",
      "integrity": "sha1-fSKbH8xjfkZsoIEYCDanqr/4P0M="
    },
    "tty-browserify": {
      "version": "0.0.0",
      "resolved": "http://registry.npm.taobao.org/tty-browserify/download/tty-browserify-0.0.0.tgz",
      "integrity": "sha1-oVe6QC2iTpv5V/mqadUk7tQpAaY="
    },
    "typedarray": {
      "version": "0.0.6",
      "resolved": "http://registry.npm.taobao.org/typedarray/download/typedarray-0.0.6.tgz",
      "integrity": "sha1-hnrHTjhkGHsdPUfZlqeOxciDB3c="
    },
    "umd": {
      "version": "3.0.1",
      "resolved": "http://registry.npm.taobao.org/umd/download/umd-3.0.1.tgz",
      "integrity": "sha1-iuVW4RAR9jwllnCKiDclnwGz1g4="
    },
    "url": {
      "version": "0.11.0",
      "resolved": "http://registry.npm.taobao.org/url/download/url-0.11.0.tgz",
      "integrity": "sha1-ODjpfPxgUh63PFJajlW/3Z4uKPE=",
      "requires": {
        "punycode": "1.3.2",
        "querystring": "0.2.0"
      },
      "dependencies": {
        "punycode": {
          "version": "1.3.2",
          "resolved": "http://registry.npm.taobao.org/punycode/download/punycode-1.3.2.tgz",
          "integrity": "sha1-llOgNvt8HuQjQvIyXM7v6jkmxI0="
        }
      }
    },
    "util": {
      "version": "0.10.3",
      "resolved": "http://registry.npm.taobao.org/util/download/util-0.10.3.tgz",
      "integrity": "sha1-evsa/lCAUkZInj23/g7TeTNqwPk=",
      "requires": {
        "inherits": "2.0.1"
      },
      "dependencies": {
        "inherits": {
          "version": "2.0.1",
          "resolved": "http://registry.npm.taobao.org/inherits/download/inherits-2.0.1.tgz",
          "integrity": "sha1-sX0I0ya0Qj5Wjv9xn5GwscvfafE="
        }
      }
    },
    "util-deprecate": {
      "version": "1.0.2",
      "resolved": "http://registry.npm.taobao.org/util-deprecate/download/util-deprecate-1.0.2.tgz",
      "integrity": "sha1-RQ1Nyfpw3nMnYvvS1KKJgUGaDM8="
    },
    "util-extend": {
      "version": "1.0.3",
      "resolved": "http://registry.npm.taobao.org/util-extend/download/util-extend-1.0.3.tgz",
      "integrity": "sha1-p8IW0mdUUWljeztu3GypEZ4v+T8="
    },
    "vm-browserify": {
      "version": "0.0.4",
      "resolved": "http://registry.npm.taobao.org/vm-browserify/download/vm-browserify-0.0.4.tgz",
      "integrity": "sha1-XX6kW7755Kb/ZflUOOCofDV9WnM=",
      "requires": {
        "indexof": "0.0.1"
      }
    },
    "wrappy": {
      "version": "1.0.2",
      "resolved": "http://registry.npm.taobao.org/wrappy/download/wrappy-1.0.2.tgz",
      "integrity": "sha1-tSQ9jz7BqjXxNkYFvA0QNuMKtp8="
    },
    "xtend": {
      "version": "4.0.1",
      "resolved": "http://registry.npm.taobao.org/xtend/download/xtend-4.0.1.tgz",
      "integrity": "sha1-pcbVMr5lbiPbgg77lDofBJmNY68="
    }
  }
}
